github.com/mattn/go-pointer v0.0.1 h1:n+XhsuGeVO6MEAp7xyEukFINEa+Quek5psIR/ylA6o0=
github.com/mattn/go-pointer v0.0.1/go.mod h1:2zXcozF6qYGgmsG+SeTZz3oAbFLdD3OWqnUbNvJZAlc=
github.com/ngalaiko/tree-sitter-go-template v0.0.0-20251004152659-ca26229bafcd h1:3ljjNdG6Pp3KycYusuziadPwSpCYwNFxy2C3eNfyGbg=
github.com/ngalaiko/tree-sitter-go-template v0.0.0-20251004152659-ca26229bafcd/go.mod h1:+Ja4HHGKOU5RA6eh7wnPHYBoccp3jl1gBa3ErIHAACw=
github.com/tree-sitter/go-tree-sitter v0.25.0 h1:sx6kcg8raRFCvc9BnXglke6axya12krCJF5xJ2sftRU=
github.com/tree-sitter/go-tree-sitter v0.25.0/go.mod h1:r77ig7BikoZhHrrsjAnv8RqGti5rtSyvDHPzgTPsUuU=
